
Microsoft Visual Studio Solution File, Format Version 12.00
# Visual Studio 14
VisualStudioVersion = 14.0.25123.0
MinimumVisualStudioVersion = 10.0.40219.1
Project("{8BC9CEB8-8B4A-11D0-8D11-00A0C91BC942}") = "solowej", "solowej\solowej.vcxproj", "{5B8F1E63-2A30-460E-B8A7-D2315691C8B7}"
EndProject
Project("{8BC9CEB8-8B4A-11D0-8D11-00A0C91BC942}") = "UnitTest", "UnitTest\UnitTest.vcxproj", "{B7B92591-F2B4-486E-9CC1-670FBCC3FBCD}"
EndProject
Project("{2150E333-8FDC-42A3-9474-1A3956D46DE8}") = "compat", "compat", "{BE38167C-B3A2-48A6-A214-33DD14C7AA4D}"
EndProject
Project("{8BC9CEB8-8B4A-11D0-8D11-00A0C91BC942}") = "Examples", "Examples\Examples.vcxproj", "{BDEAD757-DAA2-46D5-90A1-E13B28E83572}"
EndProject
Project("{2150E333-8FDC-42A3-9474-1A3956D46DE8}") = "Solution Items", "Solution Items", "{FA1008B4-34AA-485C-A690-DAB36C41F1F7}"
	ProjectSection(SolutionItems) = preProject
		locstat.ps1 = locstat.ps1
		Performance1.psess = Performance1.psess
	EndProjectSection
EndProject
Project("{2150E333-8FDC-42A3-9474-1A3956D46DE8}") = "submodules", "submodules", "{3DED48B4-E2D5-4FE1-BF63-8AB0FB09B587}"
EndProject
Project("{8BC9CEB8-8B4A-11D0-8D11-00A0C91BC942}") = "gorynych", "submodules\gorynych\gorynych\gorynych.vcxproj", "{D819866F-8336-4872-83CC-D753B9DBE05F}"
EndProject
Project("{2150E333-8FDC-42A3-9474-1A3956D46DE8}") = "json", "json", "{0ECBF248-09F0-4170-8A4F-BAF7123CA81D}"
	ProjectSection(SolutionItems) = preProject
		submodules\json\src\json.hpp = submodules\json\src\json.hpp
	EndProjectSection
EndProject
Project("{2150E333-8FDC-42A3-9474-1A3956D46DE8}") = "cimg", "cimg", "{5A01A9D3-822A-4B35-BFC7-DD292B9CCC24}"
	ProjectSection(SolutionItems) = preProject
		submodules\CImg\CImg.h = submodules\CImg\CImg.h
	EndProjectSection
EndProject
Project("{2150E333-8FDC-42A3-9474-1A3956D46DE8}") = "catch", "catch", "{73388641-6826-4D8A-9C5F-5F63C2BD28AE}"
	ProjectSection(SolutionItems) = preProject
		submodules\Catch\include\catch.hpp = submodules\Catch\include\catch.hpp
	EndProjectSection
EndProject
Global
	GlobalSection(SolutionConfigurationPlatforms) = preSolution
		Debug|Any CPU = Debug|Any CPU
		Debug|ARM = Debug|ARM
		Debug|x64 = Debug|x64
		Debug|x86 = Debug|x86
		Release|Any CPU = Release|Any CPU
		Release|ARM = Release|ARM
		Release|x64 = Release|x64
		Release|x86 = Release|x86
	EndGlobalSection
	GlobalSection(ProjectConfigurationPlatforms) = postSolution
		{5B8F1E63-2A30-460E-B8A7-D2315691C8B7}.Debug|Any CPU.ActiveCfg = Debug|Win32
		{5B8F1E63-2A30-460E-B8A7-D2315691C8B7}.Debug|ARM.ActiveCfg = Debug|Win32
		{5B8F1E63-2A30-460E-B8A7-D2315691C8B7}.Debug|x64.ActiveCfg = Debug|x64
		{5B8F1E63-2A30-460E-B8A7-D2315691C8B7}.Debug|x64.Build.0 = Debug|x64
		{5B8F1E63-2A30-460E-B8A7-D2315691C8B7}.Debug|x86.ActiveCfg = Debug|Win32
		{5B8F1E63-2A30-460E-B8A7-D2315691C8B7}.Debug|x86.Build.0 = Debug|Win32
		{5B8F1E63-2A30-460E-B8A7-D2315691C8B7}.Release|Any CPU.ActiveCfg = Release|Win32
		{5B8F1E63-2A30-460E-B8A7-D2315691C8B7}.Release|ARM.ActiveCfg = Release|Win32
		{5B8F1E63-2A30-460E-B8A7-D2315691C8B7}.Release|x64.ActiveCfg = Release|x64
		{5B8F1E63-2A30-460E-B8A7-D2315691C8B7}.Release|x64.Build.0 = Release|x64
		{5B8F1E63-2A30-460E-B8A7-D2315691C8B7}.Release|x86.ActiveCfg = Release|Win32
		{5B8F1E63-2A30-460E-B8A7-D2315691C8B7}.Release|x86.Build.0 = Release|Win32
		{B7B92591-F2B4-486E-9CC1-670FBCC3FBCD}.Debug|Any CPU.ActiveCfg = Debug|Win32
		{B7B92591-F2B4-486E-9CC1-670FBCC3FBCD}.Debug|ARM.ActiveCfg = Debug|Win32
		{B7B92591-F2B4-486E-9CC1-670FBCC3FBCD}.Debug|x64.ActiveCfg = Debug|x64
		{B7B92591-F2B4-486E-9CC1-670FBCC3FBCD}.Debug|x64.Build.0 = Debug|x64
		{B7B92591-F2B4-486E-9CC1-670FBCC3FBCD}.Debug|x86.ActiveCfg = Debug|Win32
		{B7B92591-F2B4-486E-9CC1-670FBCC3FBCD}.Debug|x86.Build.0 = Debug|Win32
		{B7B92591-F2B4-486E-9CC1-670FBCC3FBCD}.Release|Any CPU.ActiveCfg = Release|Win32
		{B7B92591-F2B4-486E-9CC1-670FBCC3FBCD}.Release|ARM.ActiveCfg = Release|Win32
		{B7B92591-F2B4-486E-9CC1-670FBCC3FBCD}.Release|x64.ActiveCfg = Release|x64
		{B7B92591-F2B4-486E-9CC1-670FBCC3FBCD}.Release|x64.Build.0 = Release|x64
		{B7B92591-F2B4-486E-9CC1-670FBCC3FBCD}.Release|x86.ActiveCfg = Release|Win32
		{B7B92591-F2B4-486E-9CC1-670FBCC3FBCD}.Release|x86.Build.0 = Release|Win32
		{BDEAD757-DAA2-46D5-90A1-E13B28E83572}.Debug|Any CPU.ActiveCfg = Debug|Win32
		{BDEAD757-DAA2-46D5-90A1-E13B28E83572}.Debug|ARM.ActiveCfg = Debug|Win32
		{BDEAD757-DAA2-46D5-90A1-E13B28E83572}.Debug|x64.ActiveCfg = Debug|x64
		{BDEAD757-DAA2-46D5-90A1-E13B28E83572}.Debug|x64.Build.0 = Debug|x64
		{BDEAD757-DAA2-46D5-90A1-E13B28E83572}.Debug|x86.ActiveCfg = Debug|Win32
		{BDEAD757-DAA2-46D5-90A1-E13B28E83572}.Debug|x86.Build.0 = Debug|Win32
		{BDEAD757-DAA2-46D5-90A1-E13B28E83572}.Release|Any CPU.ActiveCfg = Release|Win32
		{BDEAD757-DAA2-46D5-90A1-E13B28E83572}.Release|ARM.ActiveCfg = Release|Win32
		{BDEAD757-DAA2-46D5-90A1-E13B28E83572}.Release|x64.ActiveCfg = Release|x64
		{BDEAD757-DAA2-46D5-90A1-E13B28E83572}.Release|x64.Build.0 = Release|x64
		{BDEAD757-DAA2-46D5-90A1-E13B28E83572}.Release|x86.ActiveCfg = Release|Win32
		{BDEAD757-DAA2-46D5-90A1-E13B28E83572}.Release|x86.Build.0 = Release|Win32
		{D819866F-8336-4872-83CC-D753B9DBE05F}.Debug|Any CPU.ActiveCfg = Debug|Win32
		{D819866F-8336-4872-83CC-D753B9DBE05F}.Debug|ARM.ActiveCfg = Debug|Win32
		{D819866F-8336-4872-83CC-D753B9DBE05F}.Debug|x64.ActiveCfg = Debug|x64
		{D819866F-8336-4872-83CC-D753B9DBE05F}.Debug|x64.Build.0 = Debug|x64
		{D819866F-8336-4872-83CC-D753B9DBE05F}.Debug|x86.ActiveCfg = Debug|Win32
		{D819866F-8336-4872-83CC-D753B9DBE05F}.Debug|x86.Build.0 = Debug|Win32
		{D819866F-8336-4872-83CC-D753B9DBE05F}.Release|Any CPU.ActiveCfg = Release|Win32
		{D819866F-8336-4872-83CC-D753B9DBE05F}.Release|ARM.ActiveCfg = Release|Win32
		{D819866F-8336-4872-83CC-D753B9DBE05F}.Release|x64.ActiveCfg = Release|x64
		{D819866F-8336-4872-83CC-D753B9DBE05F}.Release|x64.Build.0 = Release|x64
		{D819866F-8336-4872-83CC-D753B9DBE05F}.Release|x86.ActiveCfg = Release|Win32
		{D819866F-8336-4872-83CC-D753B9DBE05F}.Release|x86.Build.0 = Release|Win32
	EndGlobalSection
	GlobalSection(SolutionProperties) = preSolution
		HideSolutionNode = FALSE
	EndGlobalSection
	GlobalSection(NestedProjects) = preSolution
		{D819866F-8336-4872-83CC-D753B9DBE05F} = {3DED48B4-E2D5-4FE1-BF63-8AB0FB09B587}
		{0ECBF248-09F0-4170-8A4F-BAF7123CA81D} = {3DED48B4-E2D5-4FE1-BF63-8AB0FB09B587}
		{5A01A9D3-822A-4B35-BFC7-DD292B9CCC24} = {3DED48B4-E2D5-4FE1-BF63-8AB0FB09B587}
		{73388641-6826-4D8A-9C5F-5F63C2BD28AE} = {3DED48B4-E2D5-4FE1-BF63-8AB0FB09B587}
	EndGlobalSection
EndGlobal
