<?xml version="1.0" encoding="utf-8"?>
<Project ToolsVersion="4.0" xmlns="http://schemas.microsoft.com/developer/msbuild/2003">
  <ItemGroup>
    <Filter Include="Source Files">
      <UniqueIdentifier>{4FC737F1-C7A5-4376-A066-2A32D752A2FF}</UniqueIdentifier>
      <Extensions>cpp;c;cc;cxx;def;odl;idl;hpj;bat;asm;asmx</Extensions>
    </Filter>
    <Filter Include="Header Files">
      <UniqueIdentifier>{93995380-89BD-4b04-88EB-625FBE52EBFB}</UniqueIdentifier>
      <Extensions>h;hh;hpp;hxx;hm;inl;inc;xsd</Extensions>
    </Filter>
    <Filter Include="Resource Files">
      <UniqueIdentifier>{67DA6AB6-F800-4c08-8B7A-83BB121AAD01}</UniqueIdentifier>
      <Extensions>rc;ico;cur;bmp;dlg;rc2;rct;bin;rgs;gif;jpg;jpeg;jpe;resx;tiff;tif;png;wav;mfcribbon-ms</Extensions>
    </Filter>
    <Filter Include="Header Files\modules">
      <UniqueIdentifier>{365076c5-91db-4f56-8061-6fed446d3c8b}</UniqueIdentifier>
    </Filter>
    <Filter Include="Header Files\intrinsics">
      <UniqueIdentifier>{5285bbc2-9e06-4154-9750-2e000ef9ed87}</UniqueIdentifier>
    </Filter>
  </ItemGroup>
  <ItemGroup>
    <ClInclude Include="basetypes.h">
      <Filter>Header Files</Filter>
    </ClInclude>
    <ClInclude Include="interpolation.h">
      <Filter>Header Files</Filter>
    </ClInclude>
    <ClInclude Include="intrinsic.h">
      <Filter>Header Files</Filter>
    </ClInclude>
    <ClInclude Include="vectortable.h">
      <Filter>Header Files</Filter>
    </ClInclude>
    <ClInclude Include="noisegenerators.h">
      <Filter>Header Files</Filter>
    </ClInclude>
    <ClInclude Include="modules\modules.h">
      <Filter>Header Files\modules</Filter>
    </ClInclude>
    <ClInclude Include="intrinsic\base.h">
      <Filter>Header Files\intrinsics</Filter>
    </ClInclude>
    <ClInclude Include="intrinsic\m128d.h">
      <Filter>Header Files\intrinsics</Filter>
    </ClInclude>
    <ClInclude Include="intrinsic\m256d.h">
      <Filter>Header Files\intrinsics</Filter>
    </ClInclude>
    <ClInclude Include="intrinsic\m128f.h">
      <Filter>Header Files\intrinsics</Filter>
    </ClInclude>
    <ClInclude Include="intrinsic\m128i.h">
      <Filter>Header Files\intrinsics</Filter>
    </ClInclude>
    <ClInclude Include="intrinsic\m256f.h">
      <Filter>Header Files\intrinsics</Filter>
    </ClInclude>
    <ClInclude Include="intrinsic\m256i.h">
      <Filter>Header Files\intrinsics</Filter>
    </ClInclude>
    <ClInclude Include="modules\perlin.h">
      <Filter>Header Files\modules</Filter>
    </ClInclude>
    <ClInclude Include="modules\ridgedmultifrac.h">
      <Filter>Header Files\modules</Filter>
    </ClInclude>
    <ClInclude Include="modules\billow.h">
      <Filter>Header Files\modules</Filter>
    </ClInclude>
    <ClInclude Include="modules\voronoi.h">
      <Filter>Header Files\modules</Filter>
    </ClInclude>
    <ClInclude Include="modules\terrace.h">
      <Filter>Header Files\modules</Filter>
    </ClInclude>
    <ClInclude Include="modules\select.h">
      <Filter>Header Files\modules</Filter>
    </ClInclude>
    <ClInclude Include="modules\rotate.h">
      <Filter>Header Files\modules</Filter>
    </ClInclude>
    <ClInclude Include="vector.h">
      <Filter>Header Files</Filter>
    </ClInclude>
    <ClInclude Include="intrinsic\scalarcompat.h">
      <Filter>Header Files\intrinsics</Filter>
    </ClInclude>
    <ClInclude Include="modules\curve.h">
      <Filter>Header Files\modules</Filter>
    </ClInclude>
  </ItemGroup>
</Project>