<?xml version="1.0" encoding="utf-8"?>
<Project ToolsVersion="4.0" xmlns="http://schemas.microsoft.com/developer/msbuild/2003">
  <ItemGroup>
    <Filter Include="Source Files">
      <UniqueIdentifier>{4FC737F1-C7A5-4376-A066-2A32D752A2FF}</UniqueIdentifier>
      <Extensions>cpp;c;cc;cxx;def;odl;idl;hpj;bat;asm;asmx</Extensions>
    </Filter>
    <Filter Include="Header Files">
      <UniqueIdentifier>{93995380-89BD-4b04-88EB-625FBE52EBFB}</UniqueIdentifier>
      <Extensions>h;hh;hpp;hxx;hm;inl;inc;xsd</Extensions>
    </Filter>
    <Filter Include="Resource Files">
      <UniqueIdentifier>{67DA6AB6-F800-4c08-8B7A-83BB121AAD01}</UniqueIdentifier>
      <Extensions>rc;ico;cur;bmp;dlg;rc2;rct;bin;rgs;gif;jpg;jpeg;jpe;resx;tiff;tif;png;wav;mfcribbon-ms</Extensions>
    </Filter>
    <Filter Include="Header Files\modules">
      <UniqueIdentifier>{365076c5-91db-4f56-8061-6fed446d3c8b}</UniqueIdentifier>
    </Filter>
    <Filter Include="Header Files\noise">
      <UniqueIdentifier>{881234eb-b5af-4581-84d8-6e133a30fb21}</UniqueIdentifier>
    </Filter>
    <Filter Include="Header Files\parallel">
      <UniqueIdentifier>{5285bbc2-9e06-4154-9750-2e000ef9ed87}</UniqueIdentifier>
    </Filter>
    <Filter Include="Header Files\parallel\impl">
      <UniqueIdentifier>{662496fa-7b8a-47fa-b0c8-9be442a7d612}</UniqueIdentifier>
    </Filter>
    <Filter Include="Header Files\modules\impl">
      <UniqueIdentifier>{1de57c7b-6312-4626-9f36-4748d51b75ef}</UniqueIdentifier>
    </Filter>
    <Filter Include="Header Files\util">
      <UniqueIdentifier>{4a372e04-5d11-4a29-8091-200e85bbb44b}</UniqueIdentifier>
    </Filter>
    <Filter Include="Header Files\models">
      <UniqueIdentifier>{c46dd8ba-79ac-4ce1-96df-a48f9e40ea2f}</UniqueIdentifier>
    </Filter>
  </ItemGroup>
  <ItemGroup>
    <ClInclude Include="scheduler.h">
      <Filter>Header Files</Filter>
    </ClInclude>
    <ClInclude Include="parallel\clDouble.h">
      <Filter>Header Files\parallel\impl</Filter>
    </ClInclude>
    <ClInclude Include="parallel\clFloat.h">
      <Filter>Header Files\parallel\impl</Filter>
    </ClInclude>
    <ClInclude Include="parallel\clInt.h">
      <Filter>Header Files\parallel\impl</Filter>
    </ClInclude>
    <ClInclude Include="parallel\x87compat.h">
      <Filter>Header Files\parallel\impl</Filter>
    </ClInclude>
    <ClInclude Include="parallel\avx.h">
      <Filter>Header Files\parallel</Filter>
    </ClInclude>
    <ClInclude Include="parallel\opencl.h">
      <Filter>Header Files\parallel</Filter>
    </ClInclude>
    <ClInclude Include="parallel\sse.h">
      <Filter>Header Files\parallel</Filter>
    </ClInclude>
    <ClInclude Include="parallel\all.h">
      <Filter>Header Files\parallel</Filter>
    </ClInclude>
    <ClInclude Include="parallel\SISD.h">
      <Filter>Header Files\parallel</Filter>
    </ClInclude>
    <ClInclude Include="modules\billow.h">
      <Filter>Header Files\modules\impl</Filter>
    </ClInclude>
    <ClInclude Include="modules\curve.h">
      <Filter>Header Files\modules\impl</Filter>
    </ClInclude>
    <ClInclude Include="modules\modules.h">
      <Filter>Header Files\modules\impl</Filter>
    </ClInclude>
    <ClInclude Include="modules\perlin.h">
      <Filter>Header Files\modules\impl</Filter>
    </ClInclude>
    <ClInclude Include="modules\ridgedmultifrac.h">
      <Filter>Header Files\modules\impl</Filter>
    </ClInclude>
    <ClInclude Include="modules\rotate.h">
      <Filter>Header Files\modules\impl</Filter>
    </ClInclude>
    <ClInclude Include="modules\select.h">
      <Filter>Header Files\modules\impl</Filter>
    </ClInclude>
    <ClInclude Include="modules\terrace.h">
      <Filter>Header Files\modules\impl</Filter>
    </ClInclude>
    <ClInclude Include="modules\voronoi.h">
      <Filter>Header Files\modules\impl</Filter>
    </ClInclude>
    <ClInclude Include="modules\all.h">
      <Filter>Header Files\modules</Filter>
    </ClInclude>
    <ClInclude Include="noisegenerators.h">
      <Filter>Header Files\noise</Filter>
    </ClInclude>
    <ClInclude Include="vectortable.h">
      <Filter>Header Files\noise</Filter>
    </ClInclude>
    <ClInclude Include="vector.h">
      <Filter>Header Files\util</Filter>
    </ClInclude>
    <ClInclude Include="basetypes.h">
      <Filter>Header Files\util</Filter>
    </ClInclude>
    <ClInclude Include="interpolation.h">
      <Filter>Header Files\util</Filter>
    </ClInclude>
    <ClInclude Include="color.h">
      <Filter>Header Files\util</Filter>
    </ClInclude>
    <ClInclude Include="models\primitives.h">
      <Filter>Header Files\models</Filter>
    </ClInclude>
    <ClInclude Include="parallel\double2.h">
      <Filter>Header Files\parallel\impl</Filter>
    </ClInclude>
    <ClInclude Include="parallel\float4.h">
      <Filter>Header Files\parallel\impl</Filter>
    </ClInclude>
    <ClInclude Include="parallel\int4.h">
      <Filter>Header Files\parallel\impl</Filter>
    </ClInclude>
    <ClInclude Include="parallel\double4.h">
      <Filter>Header Files\parallel\impl</Filter>
    </ClInclude>
    <ClInclude Include="parallel\float8.h">
      <Filter>Header Files\parallel\impl</Filter>
    </ClInclude>
    <ClInclude Include="parallel\int8.h">
      <Filter>Header Files\parallel\impl</Filter>
    </ClInclude>
    <ClInclude Include="mapper.h">
      <Filter>Header Files\util</Filter>
    </ClInclude>
    <ClInclude Include="modules\turbulence.h">
      <Filter>Header Files\modules\impl</Filter>
    </ClInclude>
    <ClInclude Include="parallel\base.h">
      <Filter>Header Files\parallel</Filter>
    </ClInclude>
    <ClInclude Include="capabiliy.h">
      <Filter>Header Files\parallel\impl</Filter>
    </ClInclude>
    <ClInclude Include="constants.h">
      <Filter>Header Files\util</Filter>
    </ClInclude>
  </ItemGroup>
</Project>